
Microsoft Visual Studio Solution File, Format Version 12.00
# Visual Studio Version 17
VisualStudioVersion = 17.0.32112.339
MinimumVisualStudioVersion = 10.0.40219.1
Project("{FAE04EC0-301F-11D3-BF4B-00C04F79EFBC}") = "Homework", "Homework\Homework.csproj", "{2B9864B2-3324-44C4-8F64-57BCC7272512}"
EndProject
Global
	GlobalSection(SolutionConfigurationPlatforms) = preSolution
		Debug|Any CPU = Debug|Any CPU
		Release|Any CPU = Release|Any CPU
	EndGlobalSection
	GlobalSection(ProjectConfigurationPlatforms) = postSolution
		{2B9864B2-3324-44C4-8F64-57BCC7272512}.Debug|Any CPU.ActiveCfg = Debug|Any CPU
		{2B9864B2-3324-44C4-8F64-57BCC7272512}.Debug|Any CPU.Build.0 = Debug|Any CPU
		{2B9864B2-3324-44C4-8F64-57BCC7272512}.Release|Any CPU.ActiveCfg = Release|Any CPU
		{2B9864B2-3324-44C4-8F64-57BCC7272512}.Release|Any CPU.Build.0 = Release|Any CPU
	EndGlobalSection
	GlobalSection(SolutionProperties) = preSolution
		HideSolutionNode = FALSE
	EndGlobalSection
	GlobalSection(ExtensibilityGlobals) = postSolution
		SolutionGuid = {2051C984-D9E0-4B1F-8BCF-F36ACAA307E7}
	EndGlobalSection
EndGlobal
